// !$*UTF8*$!
{
	archiveVersion = 1;
	classes = {
	};
	objectVersion = 50;
	objects = {

/* Begin PBXBuildFile section */
		9371E85125D5DD6E00371F8F /* main.cpp in Sources */ = {isa = PBXBuildFile; fileRef = 9371E85025D5DD6E00371F8F /* main.cpp */; };
		9371E85925D5DDBE00371F8F /* Tarifario.cpp in Sources */ = {isa = PBXBuildFile; fileRef = 9371E85725D5DDBE00371F8F /* Tarifario.cpp */; };
		9371E85C25D5DEC400371F8F /* Apressado.cpp in Sources */ = {isa = PBXBuildFile; fileRef = 9371E85A25D5DEC400371F8F /* Apressado.cpp */; };
/* End PBXBuildFile section */

/* Begin PBXCopyFilesBuildPhase section */
		9371E84B25D5DD6E00371F8F /* CopyFiles */ = {
			isa = PBXCopyFilesBuildPhase;
			buildActionMask = 2147483647;
			dstPath = /usr/share/man/man1/;
			dstSubfolderSpec = 0;
			files = (
			);
			runOnlyForDeploymentPostprocessing = 1;
		};
/* End PBXCopyFilesBuildPhase section */

/* Begin PBXFileReference section */
		9371E84D25D5DD6E00371F8F /* f7_04_rev */ = {isa = PBXFileReference; explicitFileType = "compiled.mach-o.executable"; includeInIndex = 0; path = f7_04_rev; sourceTree = BUILT_PRODUCTS_DIR; };
		9371E85025D5DD6E00371F8F /* main.cpp */ = {isa = PBXFileReference; lastKnownFileType = sourcecode.cpp.cpp; path = main.cpp; sourceTree = "<group>"; };
		9371E85725D5DDBE00371F8F /* Tarifario.cpp */ = {isa = PBXFileReference; lastKnownFileType = sourcecode.cpp.cpp; path = Tarifario.cpp; sourceTree = "<group>"; };
		9371E85825D5DDBE00371F8F /* Tarifario.hpp */ = {isa = PBXFileReference; lastKnownFileType = sourcecode.cpp.h; path = Tarifario.hpp; sourceTree = "<group>"; };
		9371E85A25D5DEC400371F8F /* Apressado.cpp */ = {isa = PBXFileReference; lastKnownFileType = sourcecode.cpp.cpp; path = Apressado.cpp; sourceTree = "<group>"; };
		9371E85B25D5DEC400371F8F /* Apressado.hpp */ = {isa = PBXFileReference; lastKnownFileType = sourcecode.cpp.h; path = Apressado.hpp; sourceTree = "<group>"; };
/* End PBXFileReference section */

/* Begin PBXFrameworksBuildPhase section */
		9371E84A25D5DD6E00371F8F /* Frameworks */ = {
			isa = PBXFrameworksBuildPhase;
			buildActionMask = 2147483647;
			files = (
			);
			runOnlyForDeploymentPostprocessing = 0;
		};
/* End PBXFrameworksBuildPhase section */

/* Begin PBXGroup section */
		9371E84425D5DD6E00371F8F = {
			isa = PBXGroup;
			children = (
				9371E84F25D5DD6E00371F8F /* f7_04_rev */,
				9371E84E25D5DD6E00371F8F /* Products */,
			);
			sourceTree = "<group>";
		};
		9371E84E25D5DD6E00371F8F /* Products */ = {
			isa = PBXGroup;
			children = (
				9371E84D25D5DD6E00371F8F /* f7_04_rev */,
			);
			name = Products;
			sourceTree = "<group>";
		};
		9371E84F25D5DD6E00371F8F /* f7_04_rev */ = {
			isa = PBXGroup;
			children = (
				9371E85025D5DD6E00371F8F /* main.cpp */,
				9371E85725D5DDBE00371F8F /* Tarifario.cpp */,
				9371E85825D5DDBE00371F8F /* Tarifario.hpp */,
				9371E85A25D5DEC400371F8F /* Apressado.cpp */,
				9371E85B25D5DEC400371F8F /* Apressado.hpp */,
			);
			path = f7_04_rev;
			sourceTree = "<group>";
		};
/* End PBXGroup section */

/* Begin PBXNativeTarget section */
		9371E84C25D5DD6E00371F8F /* f7_04_rev */ = {
			isa = PBXNativeTarget;
			buildConfigurationList = 9371E85425D5DD6E00371F8F /* Build configuration list for PBXNativeTarget "f7_04_rev" */;
			buildPhases = (
				9371E84925D5DD6E00371F8F /* Sources */,
				9371E84A25D5DD6E00371F8F /* Frameworks */,
				9371E84B25D5DD6E00371F8F /* CopyFiles */,
			);
			buildRules = (
			);
			dependencies = (
			);
			name = f7_04_rev;
			productName = f7_04_rev;
			productReference = 9371E84D25D5DD6E00371F8F /* f7_04_rev */;
			productType = "com.apple.product-type.tool";
		};
/* End PBXNativeTarget section */

/* Begin PBXProject section */
		9371E84525D5DD6E00371F8F /* Project object */ = {
			isa = PBXProject;
			attributes = {
				LastUpgradeCheck = 1130;
				ORGANIZATIONNAME = "Rúben Santos";
				TargetAttributes = {
					9371E84C25D5DD6E00371F8F = {
						CreatedOnToolsVersion = 11.3.1;
					};
				};
			};
			buildConfigurationList = 9371E84825D5DD6E00371F8F /* Build configuration list for PBXProject "f7_04_rev" */;
			compatibilityVersion = "Xcode 9.3";
			developmentRegion = en;
			hasScannedForEncodings = 0;
			knownRegions = (
				en,
				Base,
			);
			mainGroup = 9371E84425D5DD6E00371F8F;
			productRefGroup = 9371E84E25D5DD6E00371F8F /* Products */;
			projectDirPath = "";
			projectRoot = "";
			targets = (
				9371E84C25D5DD6E00371F8F /* f7_04_rev */,
			);
		};
/* End PBXProject section */

/* Begin PBXSourcesBuildPhase section */
		9371E84925D5DD6E00371F8F /* Sources */ = {
			isa = PBXSourcesBuildPhase;
			buildActionMask = 2147483647;
			files = (
				9371E85C25D5DEC400371F8F /* Apressado.cpp in Sources */,
				9371E85125D5DD6E00371F8F /* main.cpp in Sources */,
				9371E85925D5DDBE00371F8F /* Tarifario.cpp in Sources */,
			);
			runOnlyForDeploymentPostprocessing = 0;
		};
/* End PBXSourcesBuildPhase section */

/* Begin XCBuildConfiguration section */
		9371E85225D5DD6E00371F8F /* Debug */ = {
			isa = XCBuildConfiguration;
			buildSettings = {
				ALWAYS_SEARCH_USER_PATHS = NO;
				CLANG_ANALYZER_NONNULL = YES;
				CLANG_ANALYZER_NUMBER_OBJECT_CONVERSION = YES_AGGRESSIVE;
				CLANG_CXX_LANGUAGE_STANDARD = "gnu++14";
				CLANG_CXX_LIBRARY = "libc++";
				CLANG_ENABLE_MODULES = YES;
				CLANG_ENABLE_OBJC_ARC = YES;
				CLANG_ENABLE_OBJC_WEAK = YES;
				CLANG_WARN_BLOCK_CAPTURE_AUTORELEASING = YES;
				CLANG_WARN_BOOL_CONVERSION = YES;
				CLANG_WARN_COMMA = YES;
				CLANG_WARN_CONSTANT_CONVERSION = YES;
				CLANG_WARN_DEPRECATED_OBJC_IMPLEMENTATIONS = YES;
				CLANG_WARN_DIRECT_OBJC_ISA_USAGE = YES_ERROR;
				CLANG_WARN_DOCUMENTATION_COMMENTS = YES;
				CLANG_WARN_EMPTY_BODY = YES;
				CLANG_WARN_ENUM_CONVERSION = YES;
				CLANG_WARN_INFINITE_RECURSION = YES;
				CLANG_WARN_INT_CONVERSION = YES;
				CLANG_WARN_NON_LITERAL_NULL_CONVERSION = YES;
				CLANG_WARN_OBJC_IMPLICIT_RETAIN_SELF = YES;
				CLANG_WARN_OBJC_LITERAL_CONVERSION = YES;
				CLANG_WARN_OBJC_ROOT_CLASS = YES_ERROR;
				CLANG_WARN_RANGE_LOOP_ANALYSIS = YES;
				CLANG_WARN_STRICT_PROTOTYPES = YES;
				CLANG_WARN_SUSPICIOUS_MOVE = YES;
				CLANG_WARN_UNGUARDED_AVAILABILITY = YES_AGGRESSIVE;
				CLANG_WARN_UNREACHABLE_CODE = YES;
				CLANG_WARN__DUPLICATE_METHOD_MATCH = YES;
				COPY_PHASE_STRIP = NO;
				DEBUG_INFORMATION_FORMAT = dwarf;
				ENABLE_STRICT_OBJC_MSGSEND = YES;
				ENABLE_TESTABILITY = YES;
				GCC_C_LANGUAGE_STANDARD = gnu11;
				GCC_DYNAMIC_NO_PIC = NO;
				GCC_NO_COMMON_BLOCKS = YES;
				GCC_OPTIMIZATION_LEVEL = 0;
				GCC_PREPROCESSOR_DEFINITIONS = (
					"DEBUG=1",
					"$(inherited)",
				);
				GCC_WARN_64_TO_32_BIT_CONVERSION = YES;
				GCC_WARN_ABOUT_RETURN_TYPE = YES_ERROR;
				GCC_WARN_UNDECLARED_SELECTOR = YES;
				GCC_WARN_UNINITIALIZED_AUTOS = YES_AGGRESSIVE;
				GCC_WARN_UNUSED_FUNCTION = YES;
				GCC_WARN_UNUSED_VARIABLE = YES;
				MACOSX_DEPLOYMENT_TARGET = 10.15;
				MTL_ENABLE_DEBUG_INFO = INCLUDE_SOURCE;
				MTL_FAST_MATH = YES;
				ONLY_ACTIVE_ARCH = YES;
				SDKROOT = macosx;
			};
			name = Debug;
		};
		9371E85325D5DD6E00371F8F /* Release */ = {
			isa = XCBuildConfiguration;
			buildSettings = {
				ALWAYS_SEARCH_USER_PATHS = NO;
				CLANG_ANALYZER_NONNULL = YES;
				CLANG_ANALYZER_NUMBER_OBJECT_CONVERSION = YES_AGGRESSIVE;
				CLANG_CXX_LANGUAGE_STANDARD = "gnu++14";
				CLANG_CXX_LIBRARY = "libc++";
				CLANG_ENABLE_MODULES = YES;
				CLANG_ENABLE_OBJC_ARC = YES;
				CLANG_ENABLE_OBJC_WEAK = YES;
				CLANG_WARN_BLOCK_CAPTURE_AUTORELEASING = YES;
				CLANG_WARN_BOOL_CONVERSION = YES;
				CLANG_WARN_COMMA = YES;
				CLANG_WARN_CONSTANT_CONVERSION = YES;
				CLANG_WARN_DEPRECATED_OBJC_IMPLEMENTATIONS = YES;
				CLANG_WARN_DIRECT_OBJC_ISA_USAGE = YES_ERROR;
				CLANG_WARN_DOCUMENTATION_COMMENTS = YES;
				CLANG_WARN_EMPTY_BODY = YES;
				CLANG_WARN_ENUM_CONVERSION = YES;
				CLANG_WARN_INFINITE_RECURSION = YES;
				CLANG_WARN_INT_CONVERSION = YES;
				CLANG_WARN_NON_LITERAL_NULL_CONVERSION = YES;
				CLANG_WARN_OBJC_IMPLICIT_RETAIN_SELF = YES;
				CLANG_WARN_OBJC_LITERAL_CONVERSION = YES;
				CLANG_WARN_OBJC_ROOT_CLASS = YES_ERROR;
				CLANG_WARN_RANGE_LOOP_ANALYSIS = YES;
				CLANG_WARN_STRICT_PROTOTYPES = YES;
				CLANG_WARN_SUSPICIOUS_MOVE = YES;
				CLANG_WARN_UNGUARDED_AVAILABILITY = YES_AGGRESSIVE;
				CLANG_WARN_UNREACHABLE_CODE = YES;
				CLANG_WARN__DUPLICATE_METHOD_MATCH = YES;
				COPY_PHASE_STRIP = NO;
				DEBUG_INFORMATION_FORMAT = "dwarf-with-dsym";
				ENABLE_NS_ASSERTIONS = NO;
				ENABLE_STRICT_OBJC_MSGSEND = YES;
				GCC_C_LANGUAGE_STANDARD = gnu11;
				GCC_NO_COMMON_BLOCKS = YES;
				GCC_WARN_64_TO_32_BIT_CONVERSION = YES;
				GCC_WARN_ABOUT_RETURN_TYPE = YES_ERROR;
				GCC_WARN_UNDECLARED_SELECTOR = YES;
				GCC_WARN_UNINITIALIZED_AUTOS = YES_AGGRESSIVE;
				GCC_WARN_UNUSED_FUNCTION = YES;
				GCC_WARN_UNUSED_VARIABLE = YES;
				MACOSX_DEPLOYMENT_TARGET = 10.15;
				MTL_ENABLE_DEBUG_INFO = NO;
				MTL_FAST_MATH = YES;
				SDKROOT = macosx;
			};
			name = Release;
		};
		9371E85525D5DD6E00371F8F /* Debug */ = {
			isa = XCBuildConfiguration;
			buildSettings = {
				CODE_SIGN_STYLE = Automatic;
				PRODUCT_NAME = "$(TARGET_NAME)";
			};
			name = Debug;
		};
		9371E85625D5DD6E00371F8F /* Release */ = {
			isa = XCBuildConfiguration;
			buildSettings = {
				CODE_SIGN_STYLE = Automatic;
				PRODUCT_NAME = "$(TARGET_NAME)";
			};
			name = Release;
		};
/* End XCBuildConfiguration section */

/* Begin XCConfigurationList section */
		9371E84825D5DD6E00371F8F /* Build configuration list for PBXProject "f7_04_rev" */ = {
			isa = XCConfigurationList;
			buildConfigurations = (
				9371E85225D5DD6E00371F8F /* Debug */,
				9371E85325D5DD6E00371F8F /* Release */,
			);
			defaultConfigurationIsVisible = 0;
			defaultConfigurationName = Release;
		};
		9371E85425D5DD6E00371F8F /* Build configuration list for PBXNativeTarget "f7_04_rev" */ = {
			isa = XCConfigurationList;
			buildConfigurations = (
				9371E85525D5DD6E00371F8F /* Debug */,
				9371E85625D5DD6E00371F8F /* Release */,
			);
			defaultConfigurationIsVisible = 0;
			defaultConfigurationName = Release;
		};
/* End XCConfigurationList section */
	};
	rootObject = 9371E84525D5DD6E00371F8F /* Project object */;
}
