
Microsoft Visual Studio Solution File, Format Version 12.00
# Visual Studio Version 17
VisualStudioVersion = 17.3.32922.545
MinimumVisualStudioVersion = 10.0.40219.1
Project("{FAE04EC0-301F-11D3-BF4B-00C04F79EFBC}") = "EscolaConducao", "EscolaConducao\EscolaConducao.csproj", "{375CFFA3-FDCB-4622-A617-8DDE18CB5129}"
EndProject
Global
	GlobalSection(SolutionConfigurationPlatforms) = preSolution
		Debug|Any CPU = Debug|Any CPU
		Release|Any CPU = Release|Any CPU
	EndGlobalSection
	GlobalSection(ProjectConfigurationPlatforms) = postSolution
		{375CFFA3-FDCB-4622-A617-8DDE18CB5129}.Debug|Any CPU.ActiveCfg = Debug|Any CPU
		{375CFFA3-FDCB-4622-A617-8DDE18CB5129}.Debug|Any CPU.Build.0 = Debug|Any CPU
		{375CFFA3-FDCB-4622-A617-8DDE18CB5129}.Release|Any CPU.ActiveCfg = Release|Any CPU
		{375CFFA3-FDCB-4622-A617-8DDE18CB5129}.Release|Any CPU.Build.0 = Release|Any CPU
	EndGlobalSection
	GlobalSection(SolutionProperties) = preSolution
		HideSolutionNode = FALSE
	EndGlobalSection
	GlobalSection(ExtensibilityGlobals) = postSolution
		SolutionGuid = {3D308CC2-1078-45E1-92DA-122E820BC92E}
	EndGlobalSection
EndGlobal
