// !$*UTF8*$!
{
	archiveVersion = 1;
	classes = {
	};
	objectVersion = 50;
	objects = {

/* Begin PBXBuildFile section */
		93E6A88A25A45CC8003D7246 /* main.cpp in Sources */ = {isa = PBXBuildFile; fileRef = 93E6A88925A45CC8003D7246 /* main.cpp */; };
		93E6A89225A45EB8003D7246 /* tarifario.cpp in Sources */ = {isa = PBXBuildFile; fileRef = 93E6A89025A45EB8003D7246 /* tarifario.cpp */; };
		93E6A89525A464C3003D7246 /* apressado.cpp in Sources */ = {isa = PBXBuildFile; fileRef = 93E6A89325A464C3003D7246 /* apressado.cpp */; };
		93E6A89825A46ECE003D7246 /* cliente.cpp in Sources */ = {isa = PBXBuildFile; fileRef = 93E6A89625A46ECE003D7246 /* cliente.cpp */; };
		93EF45F225A77EC900B85C33 /* ginasio.cpp in Sources */ = {isa = PBXBuildFile; fileRef = 93EF45F025A77EC900B85C33 /* ginasio.cpp */; };
/* End PBXBuildFile section */

/* Begin PBXCopyFilesBuildPhase section */
		93E6A88425A45CC8003D7246 /* CopyFiles */ = {
			isa = PBXCopyFilesBuildPhase;
			buildActionMask = 2147483647;
			dstPath = /usr/share/man/man1/;
			dstSubfolderSpec = 0;
			files = (
			);
			runOnlyForDeploymentPostprocessing = 1;
		};
/* End PBXCopyFilesBuildPhase section */

/* Begin PBXFileReference section */
		93E6A88625A45CC8003D7246 /* f7_04 */ = {isa = PBXFileReference; explicitFileType = "compiled.mach-o.executable"; includeInIndex = 0; path = f7_04; sourceTree = BUILT_PRODUCTS_DIR; };
		93E6A88925A45CC8003D7246 /* main.cpp */ = {isa = PBXFileReference; lastKnownFileType = sourcecode.cpp.cpp; path = main.cpp; sourceTree = "<group>"; };
		93E6A89025A45EB8003D7246 /* tarifario.cpp */ = {isa = PBXFileReference; lastKnownFileType = sourcecode.cpp.cpp; path = tarifario.cpp; sourceTree = "<group>"; };
		93E6A89125A45EB8003D7246 /* tarifario.hpp */ = {isa = PBXFileReference; lastKnownFileType = sourcecode.cpp.h; path = tarifario.hpp; sourceTree = "<group>"; };
		93E6A89325A464C3003D7246 /* apressado.cpp */ = {isa = PBXFileReference; lastKnownFileType = sourcecode.cpp.cpp; path = apressado.cpp; sourceTree = "<group>"; };
		93E6A89425A464C3003D7246 /* apressado.hpp */ = {isa = PBXFileReference; lastKnownFileType = sourcecode.cpp.h; path = apressado.hpp; sourceTree = "<group>"; };
		93E6A89625A46ECE003D7246 /* cliente.cpp */ = {isa = PBXFileReference; lastKnownFileType = sourcecode.cpp.cpp; path = cliente.cpp; sourceTree = "<group>"; };
		93E6A89725A46ECE003D7246 /* cliente.hpp */ = {isa = PBXFileReference; lastKnownFileType = sourcecode.cpp.h; path = cliente.hpp; sourceTree = "<group>"; };
		93EF45F025A77EC900B85C33 /* ginasio.cpp */ = {isa = PBXFileReference; lastKnownFileType = sourcecode.cpp.cpp; path = ginasio.cpp; sourceTree = "<group>"; };
		93EF45F125A77EC900B85C33 /* ginasio.hpp */ = {isa = PBXFileReference; lastKnownFileType = sourcecode.cpp.h; path = ginasio.hpp; sourceTree = "<group>"; };
/* End PBXFileReference section */

/* Begin PBXFrameworksBuildPhase section */
		93E6A88325A45CC8003D7246 /* Frameworks */ = {
			isa = PBXFrameworksBuildPhase;
			buildActionMask = 2147483647;
			files = (
			);
			runOnlyForDeploymentPostprocessing = 0;
		};
/* End PBXFrameworksBuildPhase section */

/* Begin PBXGroup section */
		93E6A87D25A45CC8003D7246 = {
			isa = PBXGroup;
			children = (
				93E6A88825A45CC8003D7246 /* f7_04 */,
				93E6A88725A45CC8003D7246 /* Products */,
			);
			sourceTree = "<group>";
		};
		93E6A88725A45CC8003D7246 /* Products */ = {
			isa = PBXGroup;
			children = (
				93E6A88625A45CC8003D7246 /* f7_04 */,
			);
			name = Products;
			sourceTree = "<group>";
		};
		93E6A88825A45CC8003D7246 /* f7_04 */ = {
			isa = PBXGroup;
			children = (
				93E6A88925A45CC8003D7246 /* main.cpp */,
				93EF45F025A77EC900B85C33 /* ginasio.cpp */,
				93EF45F125A77EC900B85C33 /* ginasio.hpp */,
				93E6A89025A45EB8003D7246 /* tarifario.cpp */,
				93E6A89125A45EB8003D7246 /* tarifario.hpp */,
				93E6A89325A464C3003D7246 /* apressado.cpp */,
				93E6A89425A464C3003D7246 /* apressado.hpp */,
				93E6A89625A46ECE003D7246 /* cliente.cpp */,
				93E6A89725A46ECE003D7246 /* cliente.hpp */,
			);
			path = f7_04;
			sourceTree = "<group>";
		};
/* End PBXGroup section */

/* Begin PBXNativeTarget section */
		93E6A88525A45CC8003D7246 /* f7_04 */ = {
			isa = PBXNativeTarget;
			buildConfigurationList = 93E6A88D25A45CC8003D7246 /* Build configuration list for PBXNativeTarget "f7_04" */;
			buildPhases = (
				93E6A88225A45CC8003D7246 /* Sources */,
				93E6A88325A45CC8003D7246 /* Frameworks */,
				93E6A88425A45CC8003D7246 /* CopyFiles */,
			);
			buildRules = (
			);
			dependencies = (
			);
			name = f7_04;
			productName = f7_04;
			productReference = 93E6A88625A45CC8003D7246 /* f7_04 */;
			productType = "com.apple.product-type.tool";
		};
/* End PBXNativeTarget section */

/* Begin PBXProject section */
		93E6A87E25A45CC8003D7246 /* Project object */ = {
			isa = PBXProject;
			attributes = {
				LastUpgradeCheck = 1130;
				ORGANIZATIONNAME = "Rúben Santos";
				TargetAttributes = {
					93E6A88525A45CC8003D7246 = {
						CreatedOnToolsVersion = 11.3.1;
					};
				};
			};
			buildConfigurationList = 93E6A88125A45CC8003D7246 /* Build configuration list for PBXProject "f7_04" */;
			compatibilityVersion = "Xcode 9.3";
			developmentRegion = en;
			hasScannedForEncodings = 0;
			knownRegions = (
				en,
				Base,
			);
			mainGroup = 93E6A87D25A45CC8003D7246;
			productRefGroup = 93E6A88725A45CC8003D7246 /* Products */;
			projectDirPath = "";
			projectRoot = "";
			targets = (
				93E6A88525A45CC8003D7246 /* f7_04 */,
			);
		};
/* End PBXProject section */

/* Begin PBXSourcesBuildPhase section */
		93E6A88225A45CC8003D7246 /* Sources */ = {
			isa = PBXSourcesBuildPhase;
			buildActionMask = 2147483647;
			files = (
				93E6A89825A46ECE003D7246 /* cliente.cpp in Sources */,
				93E6A88A25A45CC8003D7246 /* main.cpp in Sources */,
				93EF45F225A77EC900B85C33 /* ginasio.cpp in Sources */,
				93E6A89525A464C3003D7246 /* apressado.cpp in Sources */,
				93E6A89225A45EB8003D7246 /* tarifario.cpp in Sources */,
			);
			runOnlyForDeploymentPostprocessing = 0;
		};
/* End PBXSourcesBuildPhase section */

/* Begin XCBuildConfiguration section */
		93E6A88B25A45CC8003D7246 /* Debug */ = {
			isa = XCBuildConfiguration;
			buildSettings = {
				ALWAYS_SEARCH_USER_PATHS = NO;
				CLANG_ANALYZER_NONNULL = YES;
				CLANG_ANALYZER_NUMBER_OBJECT_CONVERSION = YES_AGGRESSIVE;
				CLANG_CXX_LANGUAGE_STANDARD = "gnu++14";
				CLANG_CXX_LIBRARY = "libc++";
				CLANG_ENABLE_MODULES = YES;
				CLANG_ENABLE_OBJC_ARC = YES;
				CLANG_ENABLE_OBJC_WEAK = YES;
				CLANG_WARN_BLOCK_CAPTURE_AUTORELEASING = YES;
				CLANG_WARN_BOOL_CONVERSION = YES;
				CLANG_WARN_COMMA = YES;
				CLANG_WARN_CONSTANT_CONVERSION = YES;
				CLANG_WARN_DEPRECATED_OBJC_IMPLEMENTATIONS = YES;
				CLANG_WARN_DIRECT_OBJC_ISA_USAGE = YES_ERROR;
				CLANG_WARN_DOCUMENTATION_COMMENTS = YES;
				CLANG_WARN_EMPTY_BODY = YES;
				CLANG_WARN_ENUM_CONVERSION = YES;
				CLANG_WARN_INFINITE_RECURSION = YES;
				CLANG_WARN_INT_CONVERSION = YES;
				CLANG_WARN_NON_LITERAL_NULL_CONVERSION = YES;
				CLANG_WARN_OBJC_IMPLICIT_RETAIN_SELF = YES;
				CLANG_WARN_OBJC_LITERAL_CONVERSION = YES;
				CLANG_WARN_OBJC_ROOT_CLASS = YES_ERROR;
				CLANG_WARN_RANGE_LOOP_ANALYSIS = YES;
				CLANG_WARN_STRICT_PROTOTYPES = YES;
				CLANG_WARN_SUSPICIOUS_MOVE = YES;
				CLANG_WARN_UNGUARDED_AVAILABILITY = YES_AGGRESSIVE;
				CLANG_WARN_UNREACHABLE_CODE = YES;
				CLANG_WARN__DUPLICATE_METHOD_MATCH = YES;
				COPY_PHASE_STRIP = NO;
				DEBUG_INFORMATION_FORMAT = dwarf;
				ENABLE_STRICT_OBJC_MSGSEND = YES;
				ENABLE_TESTABILITY = YES;
				GCC_C_LANGUAGE_STANDARD = gnu11;
				GCC_DYNAMIC_NO_PIC = NO;
				GCC_NO_COMMON_BLOCKS = YES;
				GCC_OPTIMIZATION_LEVEL = 0;
				GCC_PREPROCESSOR_DEFINITIONS = (
					"DEBUG=1",
					"$(inherited)",
				);
				GCC_WARN_64_TO_32_BIT_CONVERSION = YES;
				GCC_WARN_ABOUT_RETURN_TYPE = YES_ERROR;
				GCC_WARN_UNDECLARED_SELECTOR = YES;
				GCC_WARN_UNINITIALIZED_AUTOS = YES_AGGRESSIVE;
				GCC_WARN_UNUSED_FUNCTION = YES;
				GCC_WARN_UNUSED_VARIABLE = YES;
				MACOSX_DEPLOYMENT_TARGET = 10.15;
				MTL_ENABLE_DEBUG_INFO = INCLUDE_SOURCE;
				MTL_FAST_MATH = YES;
				ONLY_ACTIVE_ARCH = YES;
				SDKROOT = macosx;
			};
			name = Debug;
		};
		93E6A88C25A45CC8003D7246 /* Release */ = {
			isa = XCBuildConfiguration;
			buildSettings = {
				ALWAYS_SEARCH_USER_PATHS = NO;
				CLANG_ANALYZER_NONNULL = YES;
				CLANG_ANALYZER_NUMBER_OBJECT_CONVERSION = YES_AGGRESSIVE;
				CLANG_CXX_LANGUAGE_STANDARD = "gnu++14";
				CLANG_CXX_LIBRARY = "libc++";
				CLANG_ENABLE_MODULES = YES;
				CLANG_ENABLE_OBJC_ARC = YES;
				CLANG_ENABLE_OBJC_WEAK = YES;
				CLANG_WARN_BLOCK_CAPTURE_AUTORELEASING = YES;
				CLANG_WARN_BOOL_CONVERSION = YES;
				CLANG_WARN_COMMA = YES;
				CLANG_WARN_CONSTANT_CONVERSION = YES;
				CLANG_WARN_DEPRECATED_OBJC_IMPLEMENTATIONS = YES;
				CLANG_WARN_DIRECT_OBJC_ISA_USAGE = YES_ERROR;
				CLANG_WARN_DOCUMENTATION_COMMENTS = YES;
				CLANG_WARN_EMPTY_BODY = YES;
				CLANG_WARN_ENUM_CONVERSION = YES;
				CLANG_WARN_INFINITE_RECURSION = YES;
				CLANG_WARN_INT_CONVERSION = YES;
				CLANG_WARN_NON_LITERAL_NULL_CONVERSION = YES;
				CLANG_WARN_OBJC_IMPLICIT_RETAIN_SELF = YES;
				CLANG_WARN_OBJC_LITERAL_CONVERSION = YES;
				CLANG_WARN_OBJC_ROOT_CLASS = YES_ERROR;
				CLANG_WARN_RANGE_LOOP_ANALYSIS = YES;
				CLANG_WARN_STRICT_PROTOTYPES = YES;
				CLANG_WARN_SUSPICIOUS_MOVE = YES;
				CLANG_WARN_UNGUARDED_AVAILABILITY = YES_AGGRESSIVE;
				CLANG_WARN_UNREACHABLE_CODE = YES;
				CLANG_WARN__DUPLICATE_METHOD_MATCH = YES;
				COPY_PHASE_STRIP = NO;
				DEBUG_INFORMATION_FORMAT = "dwarf-with-dsym";
				ENABLE_NS_ASSERTIONS = NO;
				ENABLE_STRICT_OBJC_MSGSEND = YES;
				GCC_C_LANGUAGE_STANDARD = gnu11;
				GCC_NO_COMMON_BLOCKS = YES;
				GCC_WARN_64_TO_32_BIT_CONVERSION = YES;
				GCC_WARN_ABOUT_RETURN_TYPE = YES_ERROR;
				GCC_WARN_UNDECLARED_SELECTOR = YES;
				GCC_WARN_UNINITIALIZED_AUTOS = YES_AGGRESSIVE;
				GCC_WARN_UNUSED_FUNCTION = YES;
				GCC_WARN_UNUSED_VARIABLE = YES;
				MACOSX_DEPLOYMENT_TARGET = 10.15;
				MTL_ENABLE_DEBUG_INFO = NO;
				MTL_FAST_MATH = YES;
				SDKROOT = macosx;
			};
			name = Release;
		};
		93E6A88E25A45CC8003D7246 /* Debug */ = {
			isa = XCBuildConfiguration;
			buildSettings = {
				CODE_SIGN_STYLE = Automatic;
				PRODUCT_NAME = "$(TARGET_NAME)";
			};
			name = Debug;
		};
		93E6A88F25A45CC8003D7246 /* Release */ = {
			isa = XCBuildConfiguration;
			buildSettings = {
				CODE_SIGN_STYLE = Automatic;
				PRODUCT_NAME = "$(TARGET_NAME)";
			};
			name = Release;
		};
/* End XCBuildConfiguration section */

/* Begin XCConfigurationList section */
		93E6A88125A45CC8003D7246 /* Build configuration list for PBXProject "f7_04" */ = {
			isa = XCConfigurationList;
			buildConfigurations = (
				93E6A88B25A45CC8003D7246 /* Debug */,
				93E6A88C25A45CC8003D7246 /* Release */,
			);
			defaultConfigurationIsVisible = 0;
			defaultConfigurationName = Release;
		};
		93E6A88D25A45CC8003D7246 /* Build configuration list for PBXNativeTarget "f7_04" */ = {
			isa = XCConfigurationList;
			buildConfigurations = (
				93E6A88E25A45CC8003D7246 /* Debug */,
				93E6A88F25A45CC8003D7246 /* Release */,
			);
			defaultConfigurationIsVisible = 0;
			defaultConfigurationName = Release;
		};
/* End XCConfigurationList section */
	};
	rootObject = 93E6A87E25A45CC8003D7246 /* Project object */;
}
