// !$*UTF8*$!
{
	archiveVersion = 1;
	classes = {
	};
	objectVersion = 50;
	objects = {

/* Begin PBXBuildFile section */
		9371E7DF25D3405D00371F8F /* main.cpp in Sources */ = {isa = PBXBuildFile; fileRef = 9371E7DE25D3405D00371F8F /* main.cpp */; };
		9371E7E725D3406700371F8F /* MSG.cpp in Sources */ = {isa = PBXBuildFile; fileRef = 9371E7E525D3406700371F8F /* MSG.cpp */; };
		9371E7EA25D369C000371F8F /* Pessoa.cpp in Sources */ = {isa = PBXBuildFile; fileRef = 9371E7E825D369C000371F8F /* Pessoa.cpp */; };
		9371E7ED25D36A8900371F8F /* Equipa.cpp in Sources */ = {isa = PBXBuildFile; fileRef = 9371E7EB25D36A8900371F8F /* Equipa.cpp */; };
		9371E7F325D4398E00371F8F /* Poema.cpp in Sources */ = {isa = PBXBuildFile; fileRef = 9371E7F125D4398E00371F8F /* Poema.cpp */; };
		9371E7F625D443DC00371F8F /* MSG2.cpp in Sources */ = {isa = PBXBuildFile; fileRef = 9371E7F425D443DC00371F8F /* MSG2.cpp */; };
		9371E7F925D4470300371F8F /* Equipa2.cpp in Sources */ = {isa = PBXBuildFile; fileRef = 9371E7F725D4470300371F8F /* Equipa2.cpp */; };
		9371E7FC25D44FAF00371F8F /* Clube2.cpp in Sources */ = {isa = PBXBuildFile; fileRef = 9371E7FA25D44FAF00371F8F /* Clube2.cpp */; };
/* End PBXBuildFile section */

/* Begin PBXCopyFilesBuildPhase section */
		9371E7D925D3405D00371F8F /* CopyFiles */ = {
			isa = PBXCopyFilesBuildPhase;
			buildActionMask = 2147483647;
			dstPath = /usr/share/man/man1/;
			dstSubfolderSpec = 0;
			files = (
			);
			runOnlyForDeploymentPostprocessing = 1;
		};
/* End PBXCopyFilesBuildPhase section */

/* Begin PBXFileReference section */
		9371E7DB25D3405D00371F8F /* f5_rev */ = {isa = PBXFileReference; explicitFileType = "compiled.mach-o.executable"; includeInIndex = 0; path = f5_rev; sourceTree = BUILT_PRODUCTS_DIR; };
		9371E7DE25D3405D00371F8F /* main.cpp */ = {isa = PBXFileReference; lastKnownFileType = sourcecode.cpp.cpp; path = main.cpp; sourceTree = "<group>"; };
		9371E7E525D3406700371F8F /* MSG.cpp */ = {isa = PBXFileReference; lastKnownFileType = sourcecode.cpp.cpp; path = MSG.cpp; sourceTree = "<group>"; };
		9371E7E625D3406700371F8F /* MSG.hpp */ = {isa = PBXFileReference; lastKnownFileType = sourcecode.cpp.h; path = MSG.hpp; sourceTree = "<group>"; };
		9371E7E825D369C000371F8F /* Pessoa.cpp */ = {isa = PBXFileReference; lastKnownFileType = sourcecode.cpp.cpp; path = Pessoa.cpp; sourceTree = "<group>"; };
		9371E7E925D369C000371F8F /* Pessoa.hpp */ = {isa = PBXFileReference; lastKnownFileType = sourcecode.cpp.h; path = Pessoa.hpp; sourceTree = "<group>"; };
		9371E7EB25D36A8900371F8F /* Equipa.cpp */ = {isa = PBXFileReference; lastKnownFileType = sourcecode.cpp.cpp; path = Equipa.cpp; sourceTree = "<group>"; };
		9371E7EC25D36A8900371F8F /* Equipa.hpp */ = {isa = PBXFileReference; lastKnownFileType = sourcecode.cpp.h; path = Equipa.hpp; sourceTree = "<group>"; };
		9371E7F125D4398E00371F8F /* Poema.cpp */ = {isa = PBXFileReference; lastKnownFileType = sourcecode.cpp.cpp; path = Poema.cpp; sourceTree = "<group>"; };
		9371E7F225D4398E00371F8F /* Poema.hpp */ = {isa = PBXFileReference; lastKnownFileType = sourcecode.cpp.h; path = Poema.hpp; sourceTree = "<group>"; };
		9371E7F425D443DC00371F8F /* MSG2.cpp */ = {isa = PBXFileReference; lastKnownFileType = sourcecode.cpp.cpp; path = MSG2.cpp; sourceTree = "<group>"; };
		9371E7F525D443DC00371F8F /* MSG2.hpp */ = {isa = PBXFileReference; lastKnownFileType = sourcecode.cpp.h; path = MSG2.hpp; sourceTree = "<group>"; };
		9371E7F725D4470300371F8F /* Equipa2.cpp */ = {isa = PBXFileReference; lastKnownFileType = sourcecode.cpp.cpp; path = Equipa2.cpp; sourceTree = "<group>"; };
		9371E7F825D4470300371F8F /* Equipa2.hpp */ = {isa = PBXFileReference; lastKnownFileType = sourcecode.cpp.h; path = Equipa2.hpp; sourceTree = "<group>"; };
		9371E7FA25D44FAF00371F8F /* Clube2.cpp */ = {isa = PBXFileReference; lastKnownFileType = sourcecode.cpp.cpp; path = Clube2.cpp; sourceTree = "<group>"; };
		9371E7FB25D44FAF00371F8F /* Clube2.hpp */ = {isa = PBXFileReference; lastKnownFileType = sourcecode.cpp.h; path = Clube2.hpp; sourceTree = "<group>"; };
/* End PBXFileReference section */

/* Begin PBXFrameworksBuildPhase section */
		9371E7D825D3405D00371F8F /* Frameworks */ = {
			isa = PBXFrameworksBuildPhase;
			buildActionMask = 2147483647;
			files = (
			);
			runOnlyForDeploymentPostprocessing = 0;
		};
/* End PBXFrameworksBuildPhase section */

/* Begin PBXGroup section */
		9371E7D225D3405D00371F8F = {
			isa = PBXGroup;
			children = (
				9371E7DD25D3405D00371F8F /* f5_rev */,
				9371E7DC25D3405D00371F8F /* Products */,
			);
			sourceTree = "<group>";
		};
		9371E7DC25D3405D00371F8F /* Products */ = {
			isa = PBXGroup;
			children = (
				9371E7DB25D3405D00371F8F /* f5_rev */,
			);
			name = Products;
			sourceTree = "<group>";
		};
		9371E7DD25D3405D00371F8F /* f5_rev */ = {
			isa = PBXGroup;
			children = (
				9371E7EB25D36A8900371F8F /* Equipa.cpp */,
				9371E7EC25D36A8900371F8F /* Equipa.hpp */,
				9371E7DE25D3405D00371F8F /* main.cpp */,
				9371E7E525D3406700371F8F /* MSG.cpp */,
				9371E7FA25D44FAF00371F8F /* Clube2.cpp */,
				9371E7FB25D44FAF00371F8F /* Clube2.hpp */,
				9371E7E625D3406700371F8F /* MSG.hpp */,
				9371E7E825D369C000371F8F /* Pessoa.cpp */,
				9371E7F725D4470300371F8F /* Equipa2.cpp */,
				9371E7F825D4470300371F8F /* Equipa2.hpp */,
				9371E7E925D369C000371F8F /* Pessoa.hpp */,
				9371E7F425D443DC00371F8F /* MSG2.cpp */,
				9371E7F525D443DC00371F8F /* MSG2.hpp */,
				9371E7F125D4398E00371F8F /* Poema.cpp */,
				9371E7F225D4398E00371F8F /* Poema.hpp */,
			);
			path = f5_rev;
			sourceTree = "<group>";
		};
/* End PBXGroup section */

/* Begin PBXNativeTarget section */
		9371E7DA25D3405D00371F8F /* f5_rev */ = {
			isa = PBXNativeTarget;
			buildConfigurationList = 9371E7E225D3405D00371F8F /* Build configuration list for PBXNativeTarget "f5_rev" */;
			buildPhases = (
				9371E7D725D3405D00371F8F /* Sources */,
				9371E7D825D3405D00371F8F /* Frameworks */,
				9371E7D925D3405D00371F8F /* CopyFiles */,
			);
			buildRules = (
			);
			dependencies = (
			);
			name = f5_rev;
			productName = f5_rev;
			productReference = 9371E7DB25D3405D00371F8F /* f5_rev */;
			productType = "com.apple.product-type.tool";
		};
/* End PBXNativeTarget section */

/* Begin PBXProject section */
		9371E7D325D3405D00371F8F /* Project object */ = {
			isa = PBXProject;
			attributes = {
				LastUpgradeCheck = 1130;
				ORGANIZATIONNAME = "Rúben Santos";
				TargetAttributes = {
					9371E7DA25D3405D00371F8F = {
						CreatedOnToolsVersion = 11.3.1;
					};
				};
			};
			buildConfigurationList = 9371E7D625D3405D00371F8F /* Build configuration list for PBXProject "f5_rev" */;
			compatibilityVersion = "Xcode 9.3";
			developmentRegion = en;
			hasScannedForEncodings = 0;
			knownRegions = (
				en,
				Base,
			);
			mainGroup = 9371E7D225D3405D00371F8F;
			productRefGroup = 9371E7DC25D3405D00371F8F /* Products */;
			projectDirPath = "";
			projectRoot = "";
			targets = (
				9371E7DA25D3405D00371F8F /* f5_rev */,
			);
		};
/* End PBXProject section */

/* Begin PBXSourcesBuildPhase section */
		9371E7D725D3405D00371F8F /* Sources */ = {
			isa = PBXSourcesBuildPhase;
			buildActionMask = 2147483647;
			files = (
				9371E7F325D4398E00371F8F /* Poema.cpp in Sources */,
				9371E7ED25D36A8900371F8F /* Equipa.cpp in Sources */,
				9371E7FC25D44FAF00371F8F /* Clube2.cpp in Sources */,
				9371E7DF25D3405D00371F8F /* main.cpp in Sources */,
				9371E7F925D4470300371F8F /* Equipa2.cpp in Sources */,
				9371E7E725D3406700371F8F /* MSG.cpp in Sources */,
				9371E7F625D443DC00371F8F /* MSG2.cpp in Sources */,
				9371E7EA25D369C000371F8F /* Pessoa.cpp in Sources */,
			);
			runOnlyForDeploymentPostprocessing = 0;
		};
/* End PBXSourcesBuildPhase section */

/* Begin XCBuildConfiguration section */
		9371E7E025D3405D00371F8F /* Debug */ = {
			isa = XCBuildConfiguration;
			buildSettings = {
				ALWAYS_SEARCH_USER_PATHS = NO;
				CLANG_ANALYZER_NONNULL = YES;
				CLANG_ANALYZER_NUMBER_OBJECT_CONVERSION = YES_AGGRESSIVE;
				CLANG_CXX_LANGUAGE_STANDARD = "gnu++14";
				CLANG_CXX_LIBRARY = "libc++";
				CLANG_ENABLE_MODULES = YES;
				CLANG_ENABLE_OBJC_ARC = YES;
				CLANG_ENABLE_OBJC_WEAK = YES;
				CLANG_WARN_BLOCK_CAPTURE_AUTORELEASING = YES;
				CLANG_WARN_BOOL_CONVERSION = YES;
				CLANG_WARN_COMMA = YES;
				CLANG_WARN_CONSTANT_CONVERSION = YES;
				CLANG_WARN_DEPRECATED_OBJC_IMPLEMENTATIONS = YES;
				CLANG_WARN_DIRECT_OBJC_ISA_USAGE = YES_ERROR;
				CLANG_WARN_DOCUMENTATION_COMMENTS = YES;
				CLANG_WARN_EMPTY_BODY = YES;
				CLANG_WARN_ENUM_CONVERSION = YES;
				CLANG_WARN_INFINITE_RECURSION = YES;
				CLANG_WARN_INT_CONVERSION = YES;
				CLANG_WARN_NON_LITERAL_NULL_CONVERSION = YES;
				CLANG_WARN_OBJC_IMPLICIT_RETAIN_SELF = YES;
				CLANG_WARN_OBJC_LITERAL_CONVERSION = YES;
				CLANG_WARN_OBJC_ROOT_CLASS = YES_ERROR;
				CLANG_WARN_RANGE_LOOP_ANALYSIS = YES;
				CLANG_WARN_STRICT_PROTOTYPES = YES;
				CLANG_WARN_SUSPICIOUS_MOVE = YES;
				CLANG_WARN_UNGUARDED_AVAILABILITY = YES_AGGRESSIVE;
				CLANG_WARN_UNREACHABLE_CODE = YES;
				CLANG_WARN__DUPLICATE_METHOD_MATCH = YES;
				COPY_PHASE_STRIP = NO;
				DEBUG_INFORMATION_FORMAT = dwarf;
				ENABLE_STRICT_OBJC_MSGSEND = YES;
				ENABLE_TESTABILITY = YES;
				GCC_C_LANGUAGE_STANDARD = gnu11;
				GCC_DYNAMIC_NO_PIC = NO;
				GCC_NO_COMMON_BLOCKS = YES;
				GCC_OPTIMIZATION_LEVEL = 0;
				GCC_PREPROCESSOR_DEFINITIONS = (
					"DEBUG=1",
					"$(inherited)",
				);
				GCC_WARN_64_TO_32_BIT_CONVERSION = YES;
				GCC_WARN_ABOUT_RETURN_TYPE = YES_ERROR;
				GCC_WARN_UNDECLARED_SELECTOR = YES;
				GCC_WARN_UNINITIALIZED_AUTOS = YES_AGGRESSIVE;
				GCC_WARN_UNUSED_FUNCTION = YES;
				GCC_WARN_UNUSED_VARIABLE = YES;
				MACOSX_DEPLOYMENT_TARGET = 10.15;
				MTL_ENABLE_DEBUG_INFO = INCLUDE_SOURCE;
				MTL_FAST_MATH = YES;
				ONLY_ACTIVE_ARCH = YES;
				SDKROOT = macosx;
			};
			name = Debug;
		};
		9371E7E125D3405D00371F8F /* Release */ = {
			isa = XCBuildConfiguration;
			buildSettings = {
				ALWAYS_SEARCH_USER_PATHS = NO;
				CLANG_ANALYZER_NONNULL = YES;
				CLANG_ANALYZER_NUMBER_OBJECT_CONVERSION = YES_AGGRESSIVE;
				CLANG_CXX_LANGUAGE_STANDARD = "gnu++14";
				CLANG_CXX_LIBRARY = "libc++";
				CLANG_ENABLE_MODULES = YES;
				CLANG_ENABLE_OBJC_ARC = YES;
				CLANG_ENABLE_OBJC_WEAK = YES;
				CLANG_WARN_BLOCK_CAPTURE_AUTORELEASING = YES;
				CLANG_WARN_BOOL_CONVERSION = YES;
				CLANG_WARN_COMMA = YES;
				CLANG_WARN_CONSTANT_CONVERSION = YES;
				CLANG_WARN_DEPRECATED_OBJC_IMPLEMENTATIONS = YES;
				CLANG_WARN_DIRECT_OBJC_ISA_USAGE = YES_ERROR;
				CLANG_WARN_DOCUMENTATION_COMMENTS = YES;
				CLANG_WARN_EMPTY_BODY = YES;
				CLANG_WARN_ENUM_CONVERSION = YES;
				CLANG_WARN_INFINITE_RECURSION = YES;
				CLANG_WARN_INT_CONVERSION = YES;
				CLANG_WARN_NON_LITERAL_NULL_CONVERSION = YES;
				CLANG_WARN_OBJC_IMPLICIT_RETAIN_SELF = YES;
				CLANG_WARN_OBJC_LITERAL_CONVERSION = YES;
				CLANG_WARN_OBJC_ROOT_CLASS = YES_ERROR;
				CLANG_WARN_RANGE_LOOP_ANALYSIS = YES;
				CLANG_WARN_STRICT_PROTOTYPES = YES;
				CLANG_WARN_SUSPICIOUS_MOVE = YES;
				CLANG_WARN_UNGUARDED_AVAILABILITY = YES_AGGRESSIVE;
				CLANG_WARN_UNREACHABLE_CODE = YES;
				CLANG_WARN__DUPLICATE_METHOD_MATCH = YES;
				COPY_PHASE_STRIP = NO;
				DEBUG_INFORMATION_FORMAT = "dwarf-with-dsym";
				ENABLE_NS_ASSERTIONS = NO;
				ENABLE_STRICT_OBJC_MSGSEND = YES;
				GCC_C_LANGUAGE_STANDARD = gnu11;
				GCC_NO_COMMON_BLOCKS = YES;
				GCC_WARN_64_TO_32_BIT_CONVERSION = YES;
				GCC_WARN_ABOUT_RETURN_TYPE = YES_ERROR;
				GCC_WARN_UNDECLARED_SELECTOR = YES;
				GCC_WARN_UNINITIALIZED_AUTOS = YES_AGGRESSIVE;
				GCC_WARN_UNUSED_FUNCTION = YES;
				GCC_WARN_UNUSED_VARIABLE = YES;
				MACOSX_DEPLOYMENT_TARGET = 10.15;
				MTL_ENABLE_DEBUG_INFO = NO;
				MTL_FAST_MATH = YES;
				SDKROOT = macosx;
			};
			name = Release;
		};
		9371E7E325D3405D00371F8F /* Debug */ = {
			isa = XCBuildConfiguration;
			buildSettings = {
				CODE_SIGN_STYLE = Automatic;
				PRODUCT_NAME = "$(TARGET_NAME)";
			};
			name = Debug;
		};
		9371E7E425D3405D00371F8F /* Release */ = {
			isa = XCBuildConfiguration;
			buildSettings = {
				CODE_SIGN_STYLE = Automatic;
				PRODUCT_NAME = "$(TARGET_NAME)";
			};
			name = Release;
		};
/* End XCBuildConfiguration section */

/* Begin XCConfigurationList section */
		9371E7D625D3405D00371F8F /* Build configuration list for PBXProject "f5_rev" */ = {
			isa = XCConfigurationList;
			buildConfigurations = (
				9371E7E025D3405D00371F8F /* Debug */,
				9371E7E125D3405D00371F8F /* Release */,
			);
			defaultConfigurationIsVisible = 0;
			defaultConfigurationName = Release;
		};
		9371E7E225D3405D00371F8F /* Build configuration list for PBXNativeTarget "f5_rev" */ = {
			isa = XCConfigurationList;
			buildConfigurations = (
				9371E7E325D3405D00371F8F /* Debug */,
				9371E7E425D3405D00371F8F /* Release */,
			);
			defaultConfigurationIsVisible = 0;
			defaultConfigurationName = Release;
		};
/* End XCConfigurationList section */
	};
	rootObject = 9371E7D325D3405D00371F8F /* Project object */;
}
