
Microsoft Visual Studio Solution File, Format Version 12.00
# Visual Studio Version 17
VisualStudioVersion = 17.3.32922.545
MinimumVisualStudioVersion = 10.0.40219.1
Project("{9A19103F-16F7-4668-BE54-9A1E7A4F7556}") = "f1_ex2", "f1_ex1\f1_ex2.csproj", "{30DFD67A-EF2E-4E91-9228-15FFFFE352E8}"
EndProject
Project("{FAE04EC0-301F-11D3-BF4B-00C04F79EFBC}") = "f1_ex3", "f1_ex3\f1_ex3.csproj", "{FB2D158B-A0FE-47F7-B2DD-7FA1B6748749}"
EndProject
Project("{FAE04EC0-301F-11D3-BF4B-00C04F79EFBC}") = "f1_ex4", "f1_ex4\f1_ex4.csproj", "{A05D5034-DA40-4D96-9A5A-50A30952CABC}"
EndProject
Project("{FAE04EC0-301F-11D3-BF4B-00C04F79EFBC}") = "f1_ex5", "f1_ex5\f1_ex5.csproj", "{3F70FE80-2752-47A0-9054-6EDC37B16FD3}"
EndProject
Global
	GlobalSection(SolutionConfigurationPlatforms) = preSolution
		Debug|Any CPU = Debug|Any CPU
		Release|Any CPU = Release|Any CPU
	EndGlobalSection
	GlobalSection(ProjectConfigurationPlatforms) = postSolution
		{30DFD67A-EF2E-4E91-9228-15FFFFE352E8}.Debug|Any CPU.ActiveCfg = Debug|Any CPU
		{30DFD67A-EF2E-4E91-9228-15FFFFE352E8}.Debug|Any CPU.Build.0 = Debug|Any CPU
		{30DFD67A-EF2E-4E91-9228-15FFFFE352E8}.Release|Any CPU.ActiveCfg = Release|Any CPU
		{30DFD67A-EF2E-4E91-9228-15FFFFE352E8}.Release|Any CPU.Build.0 = Release|Any CPU
		{FB2D158B-A0FE-47F7-B2DD-7FA1B6748749}.Debug|Any CPU.ActiveCfg = Debug|Any CPU
		{FB2D158B-A0FE-47F7-B2DD-7FA1B6748749}.Debug|Any CPU.Build.0 = Debug|Any CPU
		{FB2D158B-A0FE-47F7-B2DD-7FA1B6748749}.Release|Any CPU.ActiveCfg = Release|Any CPU
		{FB2D158B-A0FE-47F7-B2DD-7FA1B6748749}.Release|Any CPU.Build.0 = Release|Any CPU
		{A05D5034-DA40-4D96-9A5A-50A30952CABC}.Debug|Any CPU.ActiveCfg = Debug|Any CPU
		{A05D5034-DA40-4D96-9A5A-50A30952CABC}.Debug|Any CPU.Build.0 = Debug|Any CPU
		{A05D5034-DA40-4D96-9A5A-50A30952CABC}.Release|Any CPU.ActiveCfg = Release|Any CPU
		{A05D5034-DA40-4D96-9A5A-50A30952CABC}.Release|Any CPU.Build.0 = Release|Any CPU
		{3F70FE80-2752-47A0-9054-6EDC37B16FD3}.Debug|Any CPU.ActiveCfg = Debug|Any CPU
		{3F70FE80-2752-47A0-9054-6EDC37B16FD3}.Debug|Any CPU.Build.0 = Debug|Any CPU
		{3F70FE80-2752-47A0-9054-6EDC37B16FD3}.Release|Any CPU.ActiveCfg = Release|Any CPU
		{3F70FE80-2752-47A0-9054-6EDC37B16FD3}.Release|Any CPU.Build.0 = Release|Any CPU
	EndGlobalSection
	GlobalSection(SolutionProperties) = preSolution
		HideSolutionNode = FALSE
	EndGlobalSection
	GlobalSection(ExtensibilityGlobals) = postSolution
		SolutionGuid = {5B87E762-32E5-451E-A4A7-1608E89801CB}
	EndGlobalSection
EndGlobal
