// !$*UTF8*$!
{
	archiveVersion = 1;
	classes = {
	};
	objectVersion = 50;
	objects = {

/* Begin PBXBuildFile section */
		939890B7258BCFE0007CF742 /* imovel.cpp in Sources */ = {isa = PBXBuildFile; fileRef = 939890B5258BCFE0007CF742 /* imovel.cpp */; };
		939890BA258BD1A7007CF742 /* apartamento.cpp in Sources */ = {isa = PBXBuildFile; fileRef = 939890B8258BD1A7007CF742 /* apartamento.cpp */; };
		939890BD258BD3ED007CF742 /* loja.cpp in Sources */ = {isa = PBXBuildFile; fileRef = 939890BB258BD3ED007CF742 /* loja.cpp */; };
		939890C0258BD483007CF742 /* main.cpp in Sources */ = {isa = PBXBuildFile; fileRef = 939890BE258BD483007CF742 /* main.cpp */; };
		939890C3258BD66C007CF742 /* imobiliaria.cpp in Sources */ = {isa = PBXBuildFile; fileRef = 939890C1258BD66C007CF742 /* imobiliaria.cpp */; };
/* End PBXBuildFile section */

/* Begin PBXCopyFilesBuildPhase section */
		939890A9258BC936007CF742 /* CopyFiles */ = {
			isa = PBXCopyFilesBuildPhase;
			buildActionMask = 2147483647;
			dstPath = /usr/share/man/man1/;
			dstSubfolderSpec = 0;
			files = (
			);
			runOnlyForDeploymentPostprocessing = 1;
		};
/* End PBXCopyFilesBuildPhase section */

/* Begin PBXFileReference section */
		939890AB258BC936007CF742 /* f7_01 */ = {isa = PBXFileReference; explicitFileType = "compiled.mach-o.executable"; includeInIndex = 0; path = f7_01; sourceTree = BUILT_PRODUCTS_DIR; };
		939890B5258BCFE0007CF742 /* imovel.cpp */ = {isa = PBXFileReference; lastKnownFileType = sourcecode.cpp.cpp; path = imovel.cpp; sourceTree = "<group>"; };
		939890B6258BCFE0007CF742 /* imovel.hpp */ = {isa = PBXFileReference; lastKnownFileType = sourcecode.cpp.h; path = imovel.hpp; sourceTree = "<group>"; };
		939890B8258BD1A7007CF742 /* apartamento.cpp */ = {isa = PBXFileReference; lastKnownFileType = sourcecode.cpp.cpp; path = apartamento.cpp; sourceTree = "<group>"; };
		939890B9258BD1A7007CF742 /* apartamento.hpp */ = {isa = PBXFileReference; lastKnownFileType = sourcecode.cpp.h; path = apartamento.hpp; sourceTree = "<group>"; };
		939890BB258BD3ED007CF742 /* loja.cpp */ = {isa = PBXFileReference; lastKnownFileType = sourcecode.cpp.cpp; path = loja.cpp; sourceTree = "<group>"; };
		939890BC258BD3ED007CF742 /* loja.hpp */ = {isa = PBXFileReference; lastKnownFileType = sourcecode.cpp.h; path = loja.hpp; sourceTree = "<group>"; };
		939890BE258BD483007CF742 /* main.cpp */ = {isa = PBXFileReference; lastKnownFileType = sourcecode.cpp.cpp; path = main.cpp; sourceTree = "<group>"; };
		939890C1258BD66C007CF742 /* imobiliaria.cpp */ = {isa = PBXFileReference; lastKnownFileType = sourcecode.cpp.cpp; path = imobiliaria.cpp; sourceTree = "<group>"; };
		939890C2258BD66C007CF742 /* imobiliaria.hpp */ = {isa = PBXFileReference; lastKnownFileType = sourcecode.cpp.h; path = imobiliaria.hpp; sourceTree = "<group>"; };
/* End PBXFileReference section */

/* Begin PBXFrameworksBuildPhase section */
		939890A8258BC936007CF742 /* Frameworks */ = {
			isa = PBXFrameworksBuildPhase;
			buildActionMask = 2147483647;
			files = (
			);
			runOnlyForDeploymentPostprocessing = 0;
		};
/* End PBXFrameworksBuildPhase section */

/* Begin PBXGroup section */
		939890A2258BC936007CF742 = {
			isa = PBXGroup;
			children = (
				939890AD258BC936007CF742 /* f7_01 */,
				939890AC258BC936007CF742 /* Products */,
			);
			sourceTree = "<group>";
		};
		939890AC258BC936007CF742 /* Products */ = {
			isa = PBXGroup;
			children = (
				939890AB258BC936007CF742 /* f7_01 */,
			);
			name = Products;
			sourceTree = "<group>";
		};
		939890AD258BC936007CF742 /* f7_01 */ = {
			isa = PBXGroup;
			children = (
				939890BB258BD3ED007CF742 /* loja.cpp */,
				939890BC258BD3ED007CF742 /* loja.hpp */,
				939890B8258BD1A7007CF742 /* apartamento.cpp */,
				939890B9258BD1A7007CF742 /* apartamento.hpp */,
				939890C1258BD66C007CF742 /* imobiliaria.cpp */,
				939890C2258BD66C007CF742 /* imobiliaria.hpp */,
				939890B5258BCFE0007CF742 /* imovel.cpp */,
				939890B6258BCFE0007CF742 /* imovel.hpp */,
				939890BE258BD483007CF742 /* main.cpp */,
			);
			path = f7_01;
			sourceTree = "<group>";
		};
/* End PBXGroup section */

/* Begin PBXNativeTarget section */
		939890AA258BC936007CF742 /* f7_01 */ = {
			isa = PBXNativeTarget;
			buildConfigurationList = 939890B2258BC936007CF742 /* Build configuration list for PBXNativeTarget "f7_01" */;
			buildPhases = (
				939890A7258BC936007CF742 /* Sources */,
				939890A8258BC936007CF742 /* Frameworks */,
				939890A9258BC936007CF742 /* CopyFiles */,
			);
			buildRules = (
			);
			dependencies = (
			);
			name = f7_01;
			productName = f7_01;
			productReference = 939890AB258BC936007CF742 /* f7_01 */;
			productType = "com.apple.product-type.tool";
		};
/* End PBXNativeTarget section */

/* Begin PBXProject section */
		939890A3258BC936007CF742 /* Project object */ = {
			isa = PBXProject;
			attributes = {
				LastUpgradeCheck = 1130;
				ORGANIZATIONNAME = "Rúben Santos";
				TargetAttributes = {
					939890AA258BC936007CF742 = {
						CreatedOnToolsVersion = 11.3.1;
					};
				};
			};
			buildConfigurationList = 939890A6258BC936007CF742 /* Build configuration list for PBXProject "f7_01" */;
			compatibilityVersion = "Xcode 9.3";
			developmentRegion = en;
			hasScannedForEncodings = 0;
			knownRegions = (
				en,
				Base,
			);
			mainGroup = 939890A2258BC936007CF742;
			productRefGroup = 939890AC258BC936007CF742 /* Products */;
			projectDirPath = "";
			projectRoot = "";
			targets = (
				939890AA258BC936007CF742 /* f7_01 */,
			);
		};
/* End PBXProject section */

/* Begin PBXSourcesBuildPhase section */
		939890A7258BC936007CF742 /* Sources */ = {
			isa = PBXSourcesBuildPhase;
			buildActionMask = 2147483647;
			files = (
				939890C3258BD66C007CF742 /* imobiliaria.cpp in Sources */,
				939890BA258BD1A7007CF742 /* apartamento.cpp in Sources */,
				939890B7258BCFE0007CF742 /* imovel.cpp in Sources */,
				939890C0258BD483007CF742 /* main.cpp in Sources */,
				939890BD258BD3ED007CF742 /* loja.cpp in Sources */,
			);
			runOnlyForDeploymentPostprocessing = 0;
		};
/* End PBXSourcesBuildPhase section */

/* Begin XCBuildConfiguration section */
		939890B0258BC936007CF742 /* Debug */ = {
			isa = XCBuildConfiguration;
			buildSettings = {
				ALWAYS_SEARCH_USER_PATHS = NO;
				CLANG_ANALYZER_NONNULL = YES;
				CLANG_ANALYZER_NUMBER_OBJECT_CONVERSION = YES_AGGRESSIVE;
				CLANG_CXX_LANGUAGE_STANDARD = "gnu++14";
				CLANG_CXX_LIBRARY = "libc++";
				CLANG_ENABLE_MODULES = YES;
				CLANG_ENABLE_OBJC_ARC = YES;
				CLANG_ENABLE_OBJC_WEAK = YES;
				CLANG_WARN_BLOCK_CAPTURE_AUTORELEASING = YES;
				CLANG_WARN_BOOL_CONVERSION = YES;
				CLANG_WARN_COMMA = YES;
				CLANG_WARN_CONSTANT_CONVERSION = YES;
				CLANG_WARN_DEPRECATED_OBJC_IMPLEMENTATIONS = YES;
				CLANG_WARN_DIRECT_OBJC_ISA_USAGE = YES_ERROR;
				CLANG_WARN_DOCUMENTATION_COMMENTS = YES;
				CLANG_WARN_EMPTY_BODY = YES;
				CLANG_WARN_ENUM_CONVERSION = YES;
				CLANG_WARN_INFINITE_RECURSION = YES;
				CLANG_WARN_INT_CONVERSION = YES;
				CLANG_WARN_NON_LITERAL_NULL_CONVERSION = YES;
				CLANG_WARN_OBJC_IMPLICIT_RETAIN_SELF = YES;
				CLANG_WARN_OBJC_LITERAL_CONVERSION = YES;
				CLANG_WARN_OBJC_ROOT_CLASS = YES_ERROR;
				CLANG_WARN_RANGE_LOOP_ANALYSIS = YES;
				CLANG_WARN_STRICT_PROTOTYPES = YES;
				CLANG_WARN_SUSPICIOUS_MOVE = YES;
				CLANG_WARN_UNGUARDED_AVAILABILITY = YES_AGGRESSIVE;
				CLANG_WARN_UNREACHABLE_CODE = YES;
				CLANG_WARN__DUPLICATE_METHOD_MATCH = YES;
				COPY_PHASE_STRIP = NO;
				DEBUG_INFORMATION_FORMAT = dwarf;
				ENABLE_STRICT_OBJC_MSGSEND = YES;
				ENABLE_TESTABILITY = YES;
				GCC_C_LANGUAGE_STANDARD = gnu11;
				GCC_DYNAMIC_NO_PIC = NO;
				GCC_NO_COMMON_BLOCKS = YES;
				GCC_OPTIMIZATION_LEVEL = 0;
				GCC_PREPROCESSOR_DEFINITIONS = (
					"DEBUG=1",
					"$(inherited)",
				);
				GCC_WARN_64_TO_32_BIT_CONVERSION = YES;
				GCC_WARN_ABOUT_RETURN_TYPE = YES_ERROR;
				GCC_WARN_UNDECLARED_SELECTOR = YES;
				GCC_WARN_UNINITIALIZED_AUTOS = YES_AGGRESSIVE;
				GCC_WARN_UNUSED_FUNCTION = YES;
				GCC_WARN_UNUSED_VARIABLE = YES;
				MACOSX_DEPLOYMENT_TARGET = 10.15;
				MTL_ENABLE_DEBUG_INFO = INCLUDE_SOURCE;
				MTL_FAST_MATH = YES;
				ONLY_ACTIVE_ARCH = YES;
				SDKROOT = macosx;
			};
			name = Debug;
		};
		939890B1258BC936007CF742 /* Release */ = {
			isa = XCBuildConfiguration;
			buildSettings = {
				ALWAYS_SEARCH_USER_PATHS = NO;
				CLANG_ANALYZER_NONNULL = YES;
				CLANG_ANALYZER_NUMBER_OBJECT_CONVERSION = YES_AGGRESSIVE;
				CLANG_CXX_LANGUAGE_STANDARD = "gnu++14";
				CLANG_CXX_LIBRARY = "libc++";
				CLANG_ENABLE_MODULES = YES;
				CLANG_ENABLE_OBJC_ARC = YES;
				CLANG_ENABLE_OBJC_WEAK = YES;
				CLANG_WARN_BLOCK_CAPTURE_AUTORELEASING = YES;
				CLANG_WARN_BOOL_CONVERSION = YES;
				CLANG_WARN_COMMA = YES;
				CLANG_WARN_CONSTANT_CONVERSION = YES;
				CLANG_WARN_DEPRECATED_OBJC_IMPLEMENTATIONS = YES;
				CLANG_WARN_DIRECT_OBJC_ISA_USAGE = YES_ERROR;
				CLANG_WARN_DOCUMENTATION_COMMENTS = YES;
				CLANG_WARN_EMPTY_BODY = YES;
				CLANG_WARN_ENUM_CONVERSION = YES;
				CLANG_WARN_INFINITE_RECURSION = YES;
				CLANG_WARN_INT_CONVERSION = YES;
				CLANG_WARN_NON_LITERAL_NULL_CONVERSION = YES;
				CLANG_WARN_OBJC_IMPLICIT_RETAIN_SELF = YES;
				CLANG_WARN_OBJC_LITERAL_CONVERSION = YES;
				CLANG_WARN_OBJC_ROOT_CLASS = YES_ERROR;
				CLANG_WARN_RANGE_LOOP_ANALYSIS = YES;
				CLANG_WARN_STRICT_PROTOTYPES = YES;
				CLANG_WARN_SUSPICIOUS_MOVE = YES;
				CLANG_WARN_UNGUARDED_AVAILABILITY = YES_AGGRESSIVE;
				CLANG_WARN_UNREACHABLE_CODE = YES;
				CLANG_WARN__DUPLICATE_METHOD_MATCH = YES;
				COPY_PHASE_STRIP = NO;
				DEBUG_INFORMATION_FORMAT = "dwarf-with-dsym";
				ENABLE_NS_ASSERTIONS = NO;
				ENABLE_STRICT_OBJC_MSGSEND = YES;
				GCC_C_LANGUAGE_STANDARD = gnu11;
				GCC_NO_COMMON_BLOCKS = YES;
				GCC_WARN_64_TO_32_BIT_CONVERSION = YES;
				GCC_WARN_ABOUT_RETURN_TYPE = YES_ERROR;
				GCC_WARN_UNDECLARED_SELECTOR = YES;
				GCC_WARN_UNINITIALIZED_AUTOS = YES_AGGRESSIVE;
				GCC_WARN_UNUSED_FUNCTION = YES;
				GCC_WARN_UNUSED_VARIABLE = YES;
				MACOSX_DEPLOYMENT_TARGET = 10.15;
				MTL_ENABLE_DEBUG_INFO = NO;
				MTL_FAST_MATH = YES;
				SDKROOT = macosx;
			};
			name = Release;
		};
		939890B3258BC936007CF742 /* Debug */ = {
			isa = XCBuildConfiguration;
			buildSettings = {
				CODE_SIGN_STYLE = Automatic;
				PRODUCT_NAME = "$(TARGET_NAME)";
			};
			name = Debug;
		};
		939890B4258BC936007CF742 /* Release */ = {
			isa = XCBuildConfiguration;
			buildSettings = {
				CODE_SIGN_STYLE = Automatic;
				PRODUCT_NAME = "$(TARGET_NAME)";
			};
			name = Release;
		};
/* End XCBuildConfiguration section */

/* Begin XCConfigurationList section */
		939890A6258BC936007CF742 /* Build configuration list for PBXProject "f7_01" */ = {
			isa = XCConfigurationList;
			buildConfigurations = (
				939890B0258BC936007CF742 /* Debug */,
				939890B1258BC936007CF742 /* Release */,
			);
			defaultConfigurationIsVisible = 0;
			defaultConfigurationName = Release;
		};
		939890B2258BC936007CF742 /* Build configuration list for PBXNativeTarget "f7_01" */ = {
			isa = XCConfigurationList;
			buildConfigurations = (
				939890B3258BC936007CF742 /* Debug */,
				939890B4258BC936007CF742 /* Release */,
			);
			defaultConfigurationIsVisible = 0;
			defaultConfigurationName = Release;
		};
/* End XCConfigurationList section */
	};
	rootObject = 939890A3258BC936007CF742 /* Project object */;
}
